// !$*UTF8*$!
{
	archiveVersion = 1;
	classes = {
	};
	objectVersion = 50;
	objects = {

/* Begin PBXBuildFile section */
		27038DB324FE4B8D002F7F77 /* com_gotrustid_SoftFIDO2_SoftFido2Driver.cpp in Sources */ = {isa = PBXBuildFile; fileRef = 27038DB224FE4B8D002F7F77 /* com_gotrustid_SoftFIDO2_SoftFido2Driver.cpp */; };
		27038DB524FE4B8D002F7F77 /* com_gotrustid_SoftFIDO2_SoftFido2Driver.iig in Sources */ = {isa = PBXBuildFile; fileRef = 27038DB424FE4B8D002F7F77 /* com_gotrustid_SoftFIDO2_SoftFido2Driver.iig */; };
		277C580725076F1000D156BF /* DriverKit.framework in Frameworks */ = {isa = PBXBuildFile; fileRef = 277C580625076F1000D156BF /* DriverKit.framework */; };
		2780EBC424FF73D0009332AC /* HIDDriverKit.framework in Frameworks */ = {isa = PBXBuildFile; fileRef = 2780EBC324FF73CF009332AC /* HIDDriverKit.framework */; };
		2780EBC624FF76CC009332AC /* SoftFido2Device.iig in Sources */ = {isa = PBXBuildFile; fileRef = 2780EBC524FF76CC009332AC /* SoftFido2Device.iig */; };
		2780EBC824FF76EA009332AC /* SoftFido2Device.cpp in Sources */ = {isa = PBXBuildFile; fileRef = 2780EBC724FF76EA009332AC /* SoftFido2Device.cpp */; };
		2780EBCA24FF7733009332AC /* SoftFido2UserClient.cpp in Sources */ = {isa = PBXBuildFile; fileRef = 2780EBC924FF7733009332AC /* SoftFido2UserClient.cpp */; };
		2780EBCC24FF774C009332AC /* SoftFido2UserClient.iig in Sources */ = {isa = PBXBuildFile; fileRef = 2780EBCB24FF7741009332AC /* SoftFido2UserClient.iig */; };
		27AA6845250F402D00FDB44A /* u2f_hid.h in Headers */ = {isa = PBXBuildFile; fileRef = 27AA6844250F402D00FDB44A /* u2f_hid.h */; };
		27AA6851250F57DD00FDB44A /* softu2f.c in Sources */ = {isa = PBXBuildFile; fileRef = 27AA684E250F57DD00FDB44A /* softu2f.c */; };
		27AA6852250F57DD00FDB44A /* FidoHID.m in Sources */ = {isa = PBXBuildFile; fileRef = 27AA684F250F57DD00FDB44A /* FidoHID.m */; };
		27AA6853250F57DD00FDB44A /* SoftU2FContants.m in Sources */ = {isa = PBXBuildFile; fileRef = 27AA6850250F57DD00FDB44A /* SoftU2FContants.m */; };
		27CBC27A2500907500400E4D /* AppDelegate.m in Sources */ = {isa = PBXBuildFile; fileRef = 27CBC2792500907500400E4D /* AppDelegate.m */; };
		27CBC27D2500907500400E4D /* ViewController.m in Sources */ = {isa = PBXBuildFile; fileRef = 27CBC27C2500907500400E4D /* ViewController.m */; };
		27CBC27F2500907600400E4D /* Assets.xcassets in Resources */ = {isa = PBXBuildFile; fileRef = 27CBC27E2500907600400E4D /* Assets.xcassets */; };
		27CBC2822500907600400E4D /* Main.storyboard in Resources */ = {isa = PBXBuildFile; fileRef = 27CBC2802500907600400E4D /* Main.storyboard */; };
		27CBC2852500907600400E4D /* main.m in Sources */ = {isa = PBXBuildFile; fileRef = 27CBC2842500907600400E4D /* main.m */; };
		27CBC28B2500913B00400E4D /* com.gotrustid.SoftFIDO2.dext in CopyFiles */ = {isa = PBXBuildFile; fileRef = 27038DAC24FE4B8D002F7F77 /* com.gotrustid.SoftFIDO2.dext */; settings = {ATTRIBUTES = (RemoveHeadersOnCopy, ); }; };
/* End PBXBuildFile section */

/* Begin PBXCopyFilesBuildPhase section */
		27CBC28A2500913000400E4D /* CopyFiles */ = {
			isa = PBXCopyFilesBuildPhase;
			buildActionMask = 2147483647;
			dstPath = "$(SYSTEM_EXTENSIONS_FOLDER_PATH)";
			dstSubfolderSpec = 16;
			files = (
				27CBC28B2500913B00400E4D /* com.gotrustid.SoftFIDO2.dext in CopyFiles */,
			);
			runOnlyForDeploymentPostprocessing = 0;
		};
/* End PBXCopyFilesBuildPhase section */

/* Begin PBXFileReference section */
		27038DAC24FE4B8D002F7F77 /* com.gotrustid.SoftFIDO2.dext */ = {isa = PBXFileReference; explicitFileType = "wrapper.driver-extension"; includeInIndex = 0; path = com.gotrustid.SoftFIDO2.dext; sourceTree = BUILT_PRODUCTS_DIR; };
		27038DAF24FE4B8D002F7F77 /* DriverKit.framework */ = {isa = PBXFileReference; lastKnownFileType = wrapper.framework; name = DriverKit.framework; path = Library/Frameworks/DriverKit.framework; sourceTree = DEVELOPER_DIR; };
		27038DB224FE4B8D002F7F77 /* com_gotrustid_SoftFIDO2_SoftFido2Driver.cpp */ = {isa = PBXFileReference; lastKnownFileType = sourcecode.cpp.cpp; path = com_gotrustid_SoftFIDO2_SoftFido2Driver.cpp; sourceTree = "<group>"; };
		27038DB424FE4B8D002F7F77 /* com_gotrustid_SoftFIDO2_SoftFido2Driver.iig */ = {isa = PBXFileReference; lastKnownFileType = sourcecode.iig; path = com_gotrustid_SoftFIDO2_SoftFido2Driver.iig; sourceTree = "<group>"; };
		27038DB624FE4B8D002F7F77 /* Info.plist */ = {isa = PBXFileReference; lastKnownFileType = text.plist.xml; path = Info.plist; sourceTree = "<group>"; };
		271C0C4E2508B3F200F9DE4E /* SoftFIDO2.entitlements */ = {isa = PBXFileReference; fileEncoding = 4; lastKnownFileType = text.plist.entitlements; path = SoftFIDO2.entitlements; sourceTree = "<group>"; };
		277C580625076F1000D156BF /* DriverKit.framework */ = {isa = PBXFileReference; lastKnownFileType = wrapper.framework; name = DriverKit.framework; path = System/DriverKit/System/Library/Frameworks/DriverKit.framework; sourceTree = SDKROOT; };
		277C580825076F1A00D156BF /* USBDriverKit.framework */ = {isa = PBXFileReference; lastKnownFileType = wrapper.framework; name = USBDriverKit.framework; path = System/DriverKit/System/Library/Frameworks/USBDriverKit.framework; sourceTree = SDKROOT; };
		27808C73251304D300400323 /* BufMemoryUtils.hpp */ = {isa = PBXFileReference; lastKnownFileType = sourcecode.cpp.h; path = BufMemoryUtils.hpp; sourceTree = "<group>"; };
		2780EBC324FF73CF009332AC /* HIDDriverKit.framework */ = {isa = PBXFileReference; lastKnownFileType = wrapper.framework; name = HIDDriverKit.framework; path = System/DriverKit/System/Library/Frameworks/HIDDriverKit.framework; sourceTree = SDKROOT; };
		2780EBC524FF76CC009332AC /* SoftFido2Device.iig */ = {isa = PBXFileReference; lastKnownFileType = sourcecode.iig; path = SoftFido2Device.iig; sourceTree = "<group>"; };
		2780EBC724FF76EA009332AC /* SoftFido2Device.cpp */ = {isa = PBXFileReference; lastKnownFileType = sourcecode.cpp.cpp; path = SoftFido2Device.cpp; sourceTree = "<group>"; };
		2780EBC924FF7733009332AC /* SoftFido2UserClient.cpp */ = {isa = PBXFileReference; lastKnownFileType = sourcecode.cpp.cpp; path = SoftFido2UserClient.cpp; sourceTree = "<group>"; };
		2780EBCB24FF7741009332AC /* SoftFido2UserClient.iig */ = {isa = PBXFileReference; lastKnownFileType = sourcecode.iig; path = SoftFido2UserClient.iig; sourceTree = "<group>"; };
		2780EBCD24FF7FED009332AC /* UserKernelShared.h */ = {isa = PBXFileReference; lastKnownFileType = sourcecode.c.h; path = UserKernelShared.h; sourceTree = "<group>"; };
		279581352500FE3C00F8CB87 /* SoftFido2App.entitlements */ = {isa = PBXFileReference; fileEncoding = 4; lastKnownFileType = text.plist.entitlements; path = SoftFido2App.entitlements; sourceTree = "<group>"; };
		27AA6844250F402D00FDB44A /* u2f_hid.h */ = {isa = PBXFileReference; fileEncoding = 4; lastKnownFileType = sourcecode.c.h; path = u2f_hid.h; sourceTree = "<group>"; };
		27AA6847250F57DD00FDB44A /* SoftU2FContants.h */ = {isa = PBXFileReference; fileEncoding = 4; lastKnownFileType = sourcecode.c.h; path = SoftU2FContants.h; sourceTree = "<group>"; };
		27AA6848250F57DD00FDB44A /* FidoHID.h */ = {isa = PBXFileReference; fileEncoding = 4; lastKnownFileType = sourcecode.c.h; path = FidoHID.h; sourceTree = "<group>"; };
		27AA684A250F57DD00FDB44A /* internal.h */ = {isa = PBXFileReference; fileEncoding = 4; lastKnownFileType = sourcecode.c.h; path = internal.h; sourceTree = "<group>"; };
		27AA684B250F57DD00FDB44A /* u2f_hid.h */ = {isa = PBXFileReference; fileEncoding = 4; lastKnownFileType = sourcecode.c.h; path = u2f_hid.h; sourceTree = "<group>"; };
		27AA684D250F57DD00FDB44A /* softu2f.h */ = {isa = PBXFileReference; fileEncoding = 4; lastKnownFileType = sourcecode.c.h; path = softu2f.h; sourceTree = "<group>"; };
		27AA684E250F57DD00FDB44A /* softu2f.c */ = {isa = PBXFileReference; fileEncoding = 4; lastKnownFileType = sourcecode.c.c; path = softu2f.c; sourceTree = "<group>"; };
		27AA684F250F57DD00FDB44A /* FidoHID.m */ = {isa = PBXFileReference; fileEncoding = 4; lastKnownFileType = sourcecode.c.objc; path = FidoHID.m; sourceTree = "<group>"; };
		27AA6850250F57DD00FDB44A /* SoftU2FContants.m */ = {isa = PBXFileReference; fileEncoding = 4; lastKnownFileType = sourcecode.c.objc; path = SoftU2FContants.m; sourceTree = "<group>"; };
		27CBC2762500907500400E4D /* SoftFido2App.app */ = {isa = PBXFileReference; explicitFileType = wrapper.application; includeInIndex = 0; path = SoftFido2App.app; sourceTree = BUILT_PRODUCTS_DIR; };
		27CBC2782500907500400E4D /* AppDelegate.h */ = {isa = PBXFileReference; lastKnownFileType = sourcecode.c.h; path = AppDelegate.h; sourceTree = "<group>"; };
		27CBC2792500907500400E4D /* AppDelegate.m */ = {isa = PBXFileReference; lastKnownFileType = sourcecode.c.objc; path = AppDelegate.m; sourceTree = "<group>"; };
		27CBC27B2500907500400E4D /* ViewController.h */ = {isa = PBXFileReference; lastKnownFileType = sourcecode.c.h; path = ViewController.h; sourceTree = "<group>"; };
		27CBC27C2500907500400E4D /* ViewController.m */ = {isa = PBXFileReference; lastKnownFileType = sourcecode.c.objc; path = ViewController.m; sourceTree = "<group>"; };
		27CBC27E2500907600400E4D /* Assets.xcassets */ = {isa = PBXFileReference; lastKnownFileType = folder.assetcatalog; path = Assets.xcassets; sourceTree = "<group>"; };
		27CBC2812500907600400E4D /* Base */ = {isa = PBXFileReference; lastKnownFileType = file.storyboard; name = Base; path = Base.lproj/Main.storyboard; sourceTree = "<group>"; };
		27CBC2832500907600400E4D /* Info.plist */ = {isa = PBXFileReference; lastKnownFileType = text.plist.xml; path = Info.plist; sourceTree = "<group>"; };
		27CBC2842500907600400E4D /* main.m */ = {isa = PBXFileReference; lastKnownFileType = sourcecode.c.objc; path = main.m; sourceTree = "<group>"; };
/* End PBXFileReference section */

/* Begin PBXFrameworksBuildPhase section */
		27038DA924FE4B8D002F7F77 /* Frameworks */ = {
			isa = PBXFrameworksBuildPhase;
			buildActionMask = 2147483647;
			files = (
				277C580725076F1000D156BF /* DriverKit.framework in Frameworks */,
				2780EBC424FF73D0009332AC /* HIDDriverKit.framework in Frameworks */,
			);
			runOnlyForDeploymentPostprocessing = 0;
		};
		27CBC2732500907500400E4D /* Frameworks */ = {
			isa = PBXFrameworksBuildPhase;
			buildActionMask = 2147483647;
			files = (
			);
			runOnlyForDeploymentPostprocessing = 0;
		};
/* End PBXFrameworksBuildPhase section */

/* Begin PBXGroup section */
		27038DA224FE4B8D002F7F77 = {
			isa = PBXGroup;
			children = (
				27038DB124FE4B8D002F7F77 /* SoftFIDO2 */,
				27CBC2772500907500400E4D /* SoftFido2App */,
				27038DAE24FE4B8D002F7F77 /* Frameworks */,
				27038DAD24FE4B8D002F7F77 /* Products */,
			);
			sourceTree = "<group>";
		};
		27038DAD24FE4B8D002F7F77 /* Products */ = {
			isa = PBXGroup;
			children = (
				27038DAC24FE4B8D002F7F77 /* com.gotrustid.SoftFIDO2.dext */,
				27CBC2762500907500400E4D /* SoftFido2App.app */,
			);
			name = Products;
			sourceTree = "<group>";
		};
		27038DAE24FE4B8D002F7F77 /* Frameworks */ = {
			isa = PBXGroup;
			children = (
				277C580825076F1A00D156BF /* USBDriverKit.framework */,
				277C580625076F1000D156BF /* DriverKit.framework */,
				2780EBC324FF73CF009332AC /* HIDDriverKit.framework */,
				27038DAF24FE4B8D002F7F77 /* DriverKit.framework */,
			);
			name = Frameworks;
			sourceTree = "<group>";
		};
		27038DB124FE4B8D002F7F77 /* SoftFIDO2 */ = {
			isa = PBXGroup;
			children = (
				27808C73251304D300400323 /* BufMemoryUtils.hpp */,
				27AA6844250F402D00FDB44A /* u2f_hid.h */,
				2780EBCD24FF7FED009332AC /* UserKernelShared.h */,
				27038DB224FE4B8D002F7F77 /* com_gotrustid_SoftFIDO2_SoftFido2Driver.cpp */,
				27038DB424FE4B8D002F7F77 /* com_gotrustid_SoftFIDO2_SoftFido2Driver.iig */,
				2780EBC924FF7733009332AC /* SoftFido2UserClient.cpp */,
				2780EBCB24FF7741009332AC /* SoftFido2UserClient.iig */,
				2780EBC724FF76EA009332AC /* SoftFido2Device.cpp */,
				2780EBC524FF76CC009332AC /* SoftFido2Device.iig */,
				27038DB624FE4B8D002F7F77 /* Info.plist */,
				271C0C4E2508B3F200F9DE4E /* SoftFIDO2.entitlements */,
			);
			path = SoftFIDO2;
			sourceTree = "<group>";
		};
		27AA6849250F57DD00FDB44A /* SoftFido2DriverLib */ = {
			isa = PBXGroup;
			children = (
				27AA684A250F57DD00FDB44A /* internal.h */,
				27AA684B250F57DD00FDB44A /* u2f_hid.h */,
				27AA684D250F57DD00FDB44A /* softu2f.h */,
				27AA684E250F57DD00FDB44A /* softu2f.c */,
			);
			path = SoftFido2DriverLib;
			sourceTree = "<group>";
		};
		27CBC2772500907500400E4D /* SoftFido2App */ = {
			isa = PBXGroup;
			children = (
				27AA6849250F57DD00FDB44A /* SoftFido2DriverLib */,
				27AA6847250F57DD00FDB44A /* SoftU2FContants.h */,
				27AA6850250F57DD00FDB44A /* SoftU2FContants.m */,
				27AA6848250F57DD00FDB44A /* FidoHID.h */,
				27AA684F250F57DD00FDB44A /* FidoHID.m */,
				27CBC2782500907500400E4D /* AppDelegate.h */,
				27CBC2792500907500400E4D /* AppDelegate.m */,
				27CBC27B2500907500400E4D /* ViewController.h */,
				27CBC27C2500907500400E4D /* ViewController.m */,
				27CBC27E2500907600400E4D /* Assets.xcassets */,
				27CBC2802500907600400E4D /* Main.storyboard */,
				27CBC2832500907600400E4D /* Info.plist */,
				27CBC2842500907600400E4D /* main.m */,
				279581352500FE3C00F8CB87 /* SoftFido2App.entitlements */,
			);
			path = SoftFido2App;
			sourceTree = "<group>";
		};
/* End PBXGroup section */

/* Begin PBXHeadersBuildPhase section */
		27038DA724FE4B8D002F7F77 /* Headers */ = {
			isa = PBXHeadersBuildPhase;
			buildActionMask = 2147483647;
			files = (
				27AA6845250F402D00FDB44A /* u2f_hid.h in Headers */,
			);
			runOnlyForDeploymentPostprocessing = 0;
		};
/* End PBXHeadersBuildPhase section */

/* Begin PBXNativeTarget section */
		27038DAB24FE4B8D002F7F77 /* SoftFIDO2 */ = {
			isa = PBXNativeTarget;
			buildConfigurationList = 27038DBA24FE4B8D002F7F77 /* Build configuration list for PBXNativeTarget "SoftFIDO2" */;
			buildPhases = (
				27038DA724FE4B8D002F7F77 /* Headers */,
				27038DA824FE4B8D002F7F77 /* Sources */,
				27038DA924FE4B8D002F7F77 /* Frameworks */,
				27038DAA24FE4B8D002F7F77 /* Resources */,
				271C0C502508CB0100F9DE4E /* ShellScript */,
			);
			buildRules = (
			);
			dependencies = (
			);
			name = SoftFIDO2;
			productName = SoftFIDO2;
			productReference = 27038DAC24FE4B8D002F7F77 /* com.gotrustid.SoftFIDO2.dext */;
			productType = "com.apple.product-type.driver-extension";
		};
		27CBC2752500907500400E4D /* SoftFido2App */ = {
			isa = PBXNativeTarget;
			buildConfigurationList = 27CBC2872500907600400E4D /* Build configuration list for PBXNativeTarget "SoftFido2App" */;
			buildPhases = (
				27CBC2722500907500400E4D /* Sources */,
				27CBC2732500907500400E4D /* Frameworks */,
				27CBC2742500907500400E4D /* Resources */,
				27CBC28A2500913000400E4D /* CopyFiles */,
				271C0C512508CB9200F9DE4E /* ShellScript */,
			);
			buildRules = (
			);
			dependencies = (
			);
			name = SoftFido2App;
			productName = SoftFido2App;
			productReference = 27CBC2762500907500400E4D /* SoftFido2App.app */;
			productType = "com.apple.product-type.application";
		};
/* End PBXNativeTarget section */

/* Begin PBXProject section */
		27038DA324FE4B8D002F7F77 /* Project object */ = {
			isa = PBXProject;
			attributes = {
				LastUpgradeCheck = 1160;
				ORGANIZATIONNAME = GoTrustID;
				TargetAttributes = {
					27038DAB24FE4B8D002F7F77 = {
						CreatedOnToolsVersion = 11.6;
					};
					27CBC2752500907500400E4D = {
						CreatedOnToolsVersion = 11.6;
					};
				};
			};
			buildConfigurationList = 27038DA624FE4B8D002F7F77 /* Build configuration list for PBXProject "SoftFIDO2" */;
			compatibilityVersion = "Xcode 9.3";
			developmentRegion = en;
			hasScannedForEncodings = 0;
			knownRegions = (
				en,
				Base,
			);
			mainGroup = 27038DA224FE4B8D002F7F77;
			productRefGroup = 27038DAD24FE4B8D002F7F77 /* Products */;
			projectDirPath = "";
			projectRoot = "";
			targets = (
				27038DAB24FE4B8D002F7F77 /* SoftFIDO2 */,
				27CBC2752500907500400E4D /* SoftFido2App */,
			);
		};
/* End PBXProject section */

/* Begin PBXResourcesBuildPhase section */
		27038DAA24FE4B8D002F7F77 /* Resources */ = {
			isa = PBXResourcesBuildPhase;
			buildActionMask = 2147483647;
			files = (
			);
			runOnlyForDeploymentPostprocessing = 0;
		};
		27CBC2742500907500400E4D /* Resources */ = {
			isa = PBXResourcesBuildPhase;
			buildActionMask = 2147483647;
			files = (
				27CBC27F2500907600400E4D /* Assets.xcassets in Resources */,
				27CBC2822500907600400E4D /* Main.storyboard in Resources */,
			);
			runOnlyForDeploymentPostprocessing = 0;
		};
/* End PBXResourcesBuildPhase section */

/* Begin PBXShellScriptBuildPhase section */
		271C0C502508CB0100F9DE4E /* ShellScript */ = {
			isa = PBXShellScriptBuildPhase;
			buildActionMask = 2147483647;
			files = (
			);
			inputFileListPaths = (
			);
			inputPaths = (
			);
			outputFileListPaths = (
			);
			outputPaths = (
			);
			runOnlyForDeploymentPostprocessing = 0;
			shellPath = /bin/sh;
			shellScript = "if [ \"$CONFIGURATION\" == \"Debug\" ] ; then\n  echo \"Debug build, codesigning and injecting entitlements\"\n  signing_identity=\"Apple Development: eddie.hua@gotrustid.com (7BD74MVZDD)\"\n  debug_entitlements_file_path=\"$SRCROOT/SoftFIDO2/SoftFIDO2.entitlements\"\n  codesign --verify --entitlements \"$debug_entitlements_file_path\" -f -s \"$signing_identity\" \"$CODESIGNING_FOLDER_PATH\"\nfi\n";
		};
		271C0C512508CB9200F9DE4E /* ShellScript */ = {
			isa = PBXShellScriptBuildPhase;
			buildActionMask = 2147483647;
			files = (
			);
			inputFileListPaths = (
			);
			inputPaths = (
			);
			outputFileListPaths = (
			);
			outputPaths = (
			);
			runOnlyForDeploymentPostprocessing = 0;
			shellPath = /bin/sh;
			shellScript = "if [ \"$CONFIGURATION\" == \"Debug\" ] ; then\n  echo \"Debug build, codesigning and injecting entitlements\"\n  signing_identity=\"Apple Development: eddie.hua@gotrustid.com (7BD74MVZDD)\"\n  debug_entitlements_file_path=\"$SRCROOT/SoftFido2App/SoftFido2App.entitlements\"\n  codesign --verify --entitlements \"$debug_entitlements_file_path\" -f -s \"$signing_identity\" \"$CODESIGNING_FOLDER_PATH\"\nfi\n";
		};
/* End PBXShellScriptBuildPhase section */

/* Begin PBXSourcesBuildPhase section */
		27038DA824FE4B8D002F7F77 /* Sources */ = {
			isa = PBXSourcesBuildPhase;
			buildActionMask = 2147483647;
			files = (
				2780EBC824FF76EA009332AC /* SoftFido2Device.cpp in Sources */,
				2780EBCA24FF7733009332AC /* SoftFido2UserClient.cpp in Sources */,
				2780EBC624FF76CC009332AC /* SoftFido2Device.iig in Sources */,
				27038DB524FE4B8D002F7F77 /* com_gotrustid_SoftFIDO2_SoftFido2Driver.iig in Sources */,
				2780EBCC24FF774C009332AC /* SoftFido2UserClient.iig in Sources */,
				27038DB324FE4B8D002F7F77 /* com_gotrustid_SoftFIDO2_SoftFido2Driver.cpp in Sources */,
			);
			runOnlyForDeploymentPostprocessing = 0;
		};
		27CBC2722500907500400E4D /* Sources */ = {
			isa = PBXSourcesBuildPhase;
			buildActionMask = 2147483647;
			files = (
				27CBC27D2500907500400E4D /* ViewController.m in Sources */,
				27CBC2852500907600400E4D /* main.m in Sources */,
				27CBC27A2500907500400E4D /* AppDelegate.m in Sources */,
				27AA6853250F57DD00FDB44A /* SoftU2FContants.m in Sources */,
				27AA6852250F57DD00FDB44A /* FidoHID.m in Sources */,
				27AA6851250F57DD00FDB44A /* softu2f.c in Sources */,
			);
			runOnlyForDeploymentPostprocessing = 0;
		};
/* End PBXSourcesBuildPhase section */

/* Begin PBXVariantGroup section */
		27CBC2802500907600400E4D /* Main.storyboard */ = {
			isa = PBXVariantGroup;
			children = (
				27CBC2812500907600400E4D /* Base */,
			);
			name = Main.storyboard;
			sourceTree = "<group>";
		};
/* End PBXVariantGroup section */

/* Begin XCBuildConfiguration section */
		27038DB824FE4B8D002F7F77 /* Debug */ = {
			isa = XCBuildConfiguration;
			buildSettings = {
				ALWAYS_SEARCH_USER_PATHS = NO;
				CLANG_ANALYZER_NONNULL = YES;
				CLANG_ANALYZER_NUMBER_OBJECT_CONVERSION = YES_AGGRESSIVE;
				CLANG_CXX_LANGUAGE_STANDARD = "gnu++17";
				CLANG_CXX_LIBRARY = "libc++";
				CLANG_ENABLE_MODULES = YES;
				CLANG_ENABLE_OBJC_ARC = YES;
				CLANG_ENABLE_OBJC_WEAK = YES;
				CLANG_WARN_BLOCK_CAPTURE_AUTORELEASING = YES;
				CLANG_WARN_BOOL_CONVERSION = YES;
				CLANG_WARN_COMMA = YES;
				CLANG_WARN_CONSTANT_CONVERSION = YES;
				CLANG_WARN_DEPRECATED_OBJC_IMPLEMENTATIONS = YES;
				CLANG_WARN_DIRECT_OBJC_ISA_USAGE = YES_ERROR;
				CLANG_WARN_DOCUMENTATION_COMMENTS = YES;
				CLANG_WARN_EMPTY_BODY = YES;
				CLANG_WARN_ENUM_CONVERSION = YES;
				CLANG_WARN_INFINITE_RECURSION = YES;
				CLANG_WARN_INT_CONVERSION = YES;
				CLANG_WARN_NON_LITERAL_NULL_CONVERSION = YES;
				CLANG_WARN_OBJC_IMPLICIT_RETAIN_SELF = YES;
				CLANG_WARN_OBJC_LITERAL_CONVERSION = YES;
				CLANG_WARN_OBJC_ROOT_CLASS = YES_ERROR;
				CLANG_WARN_RANGE_LOOP_ANALYSIS = YES;
				CLANG_WARN_STRICT_PROTOTYPES = YES;
				CLANG_WARN_SUSPICIOUS_MOVE = YES;
				CLANG_WARN_UNGUARDED_AVAILABILITY = YES_AGGRESSIVE;
				CLANG_WARN_UNREACHABLE_CODE = YES;
				CLANG_WARN__DUPLICATE_METHOD_MATCH = YES;
				COPY_PHASE_STRIP = NO;
				DEBUG_INFORMATION_FORMAT = dwarf;
				DRIVERKIT_DEPLOYMENT_TARGET = 19.5;
				ENABLE_STRICT_OBJC_MSGSEND = YES;
				ENABLE_TESTABILITY = YES;
				GCC_C_LANGUAGE_STANDARD = gnu11;
				GCC_DYNAMIC_NO_PIC = NO;
				GCC_NO_COMMON_BLOCKS = YES;
				GCC_OPTIMIZATION_LEVEL = 0;
				GCC_PREPROCESSOR_DEFINITIONS = (
					"DEBUG=1",
					"$(inherited)",
				);
				GCC_WARN_64_TO_32_BIT_CONVERSION = YES;
				GCC_WARN_ABOUT_RETURN_TYPE = YES_ERROR;
				GCC_WARN_UNDECLARED_SELECTOR = YES;
				GCC_WARN_UNINITIALIZED_AUTOS = YES_AGGRESSIVE;
				GCC_WARN_UNUSED_FUNCTION = YES;
				GCC_WARN_UNUSED_VARIABLE = YES;
				MTL_ENABLE_DEBUG_INFO = INCLUDE_SOURCE;
				MTL_FAST_MATH = YES;
				ONLY_ACTIVE_ARCH = YES;
				SDKROOT = driverkit;
			};
			name = Debug;
		};
		27038DB924FE4B8D002F7F77 /* Release */ = {
			isa = XCBuildConfiguration;
			buildSettings = {
				ALWAYS_SEARCH_USER_PATHS = NO;
				CLANG_ANALYZER_NONNULL = YES;
				CLANG_ANALYZER_NUMBER_OBJECT_CONVERSION = YES_AGGRESSIVE;
				CLANG_CXX_LANGUAGE_STANDARD = "gnu++17";
				CLANG_CXX_LIBRARY = "libc++";
				CLANG_ENABLE_MODULES = YES;
				CLANG_ENABLE_OBJC_ARC = YES;
				CLANG_ENABLE_OBJC_WEAK = YES;
				CLANG_WARN_BLOCK_CAPTURE_AUTORELEASING = YES;
				CLANG_WARN_BOOL_CONVERSION = YES;
				CLANG_WARN_COMMA = YES;
				CLANG_WARN_CONSTANT_CONVERSION = YES;
				CLANG_WARN_DEPRECATED_OBJC_IMPLEMENTATIONS = YES;
				CLANG_WARN_DIRECT_OBJC_ISA_USAGE = YES_ERROR;
				CLANG_WARN_DOCUMENTATION_COMMENTS = YES;
				CLANG_WARN_EMPTY_BODY = YES;
				CLANG_WARN_ENUM_CONVERSION = YES;
				CLANG_WARN_INFINITE_RECURSION = YES;
				CLANG_WARN_INT_CONVERSION = YES;
				CLANG_WARN_NON_LITERAL_NULL_CONVERSION = YES;
				CLANG_WARN_OBJC_IMPLICIT_RETAIN_SELF = YES;
				CLANG_WARN_OBJC_LITERAL_CONVERSION = YES;
				CLANG_WARN_OBJC_ROOT_CLASS = YES_ERROR;
				CLANG_WARN_RANGE_LOOP_ANALYSIS = YES;
				CLANG_WARN_STRICT_PROTOTYPES = YES;
				CLANG_WARN_SUSPICIOUS_MOVE = YES;
				CLANG_WARN_UNGUARDED_AVAILABILITY = YES_AGGRESSIVE;
				CLANG_WARN_UNREACHABLE_CODE = YES;
				CLANG_WARN__DUPLICATE_METHOD_MATCH = YES;
				COPY_PHASE_STRIP = NO;
				DEBUG_INFORMATION_FORMAT = "dwarf-with-dsym";
				DRIVERKIT_DEPLOYMENT_TARGET = 19.5;
				ENABLE_NS_ASSERTIONS = NO;
				ENABLE_STRICT_OBJC_MSGSEND = YES;
				GCC_C_LANGUAGE_STANDARD = gnu11;
				GCC_NO_COMMON_BLOCKS = YES;
				GCC_WARN_64_TO_32_BIT_CONVERSION = YES;
				GCC_WARN_ABOUT_RETURN_TYPE = YES_ERROR;
				GCC_WARN_UNDECLARED_SELECTOR = YES;
				GCC_WARN_UNINITIALIZED_AUTOS = YES_AGGRESSIVE;
				GCC_WARN_UNUSED_FUNCTION = YES;
				GCC_WARN_UNUSED_VARIABLE = YES;
				MTL_ENABLE_DEBUG_INFO = NO;
				MTL_FAST_MATH = YES;
				SDKROOT = driverkit;
			};
			name = Release;
		};
		27038DBB24FE4B8D002F7F77 /* Debug */ = {
			isa = XCBuildConfiguration;
			buildSettings = {
				CODE_SIGN_ENTITLEMENTS = "";
				CODE_SIGN_IDENTITY = "-";
				CODE_SIGN_STYLE = Manual;
				DEVELOPMENT_TEAM = "";
				ENABLE_HARDENED_RUNTIME = YES;
				FRAMEWORK_SEARCH_PATHS = (
					"$(inherited)",
					"$(SDKROOT)/System/DriverKit/System/Library/Frameworks",
				);
				INFOPLIST_FILE = SoftFIDO2/Info.plist;
				MACOSX_DEPLOYMENT_TARGET = 10.15;
				MARKETING_VERSION = 0.1;
				OTHER_CODE_SIGN_FLAGS = "--options=runtime";
				PRODUCT_BUNDLE_IDENTIFIER = com.gotrustid.SoftFIDO2;
				PRODUCT_NAME = "$(inherited)";
				PROVISIONING_PROFILE_SPECIFIER = "";
				SKIP_INSTALL = YES;
				VALID_ARCHS = x86_64;
			};
			name = Debug;
		};
		27038DBC24FE4B8D002F7F77 /* Release */ = {
			isa = XCBuildConfiguration;
			buildSettings = {
				CODE_SIGN_ENTITLEMENTS = SoftFIDO2/SoftFIDO2.entitlements;
				CODE_SIGN_IDENTITY = "Developer ID Application: GoTrustID Inc. (2P68G9Z44L)";
				CODE_SIGN_STYLE = Manual;
				DEVELOPMENT_TEAM = 2P68G9Z44L;
				ENABLE_HARDENED_RUNTIME = YES;
				FRAMEWORK_SEARCH_PATHS = (
					"$(inherited)",
					"$(SDKROOT)/System/DriverKit/System/Library/Frameworks",
				);
				INFOPLIST_FILE = SoftFIDO2/Info.plist;
				MACOSX_DEPLOYMENT_TARGET = 10.15;
				MARKETING_VERSION = 0.1;
				OTHER_CODE_SIGN_FLAGS = "--options=runtime";
				PRODUCT_BUNDLE_IDENTIFIER = com.gotrustid.SoftFIDO2;
				PRODUCT_NAME = "$(inherited)";
				PROVISIONING_PROFILE_SPECIFIER = SoftFIDO2;
				SKIP_INSTALL = YES;
				VALID_ARCHS = x86_64;
			};
			name = Release;
		};
		27CBC2882500907600400E4D /* Debug */ = {
			isa = XCBuildConfiguration;
			buildSettings = {
				ASSETCATALOG_COMPILER_APPICON_NAME = AppIcon;
				CLANG_CXX_LANGUAGE_STANDARD = "gnu++14";
				CODE_SIGN_ENTITLEMENTS = "";
				CODE_SIGN_IDENTITY = "-";
				CODE_SIGN_INJECT_BASE_ENTITLEMENTS = YES;
				CODE_SIGN_STYLE = Manual;
				COMBINE_HIDPI_IMAGES = YES;
				DEVELOPMENT_TEAM = "";
				ENABLE_HARDENED_RUNTIME = YES;
				INFOPLIST_FILE = SoftFido2App/Info.plist;
				LD_RUNPATH_SEARCH_PATHS = (
					"$(inherited)",
					"@executable_path/../Frameworks",
				);
				MACOSX_DEPLOYMENT_TARGET = 10.15;
				OTHER_CODE_SIGN_FLAGS = "--options=runtime";
				PRODUCT_BUNDLE_IDENTIFIER = com.gotrustid.MiDaemon;
				PRODUCT_NAME = "$(TARGET_NAME)";
				PROVISIONING_PROFILE_SPECIFIER = "";
				SDKROOT = macosx;
				SYMROOT = build;
			};
			name = Debug;
		};
		27CBC2892500907600400E4D /* Release */ = {
			isa = XCBuildConfiguration;
			buildSettings = {
				ASSETCATALOG_COMPILER_APPICON_NAME = AppIcon;
				CLANG_CXX_LANGUAGE_STANDARD = "gnu++14";
				CODE_SIGN_ENTITLEMENTS = SoftFido2App/SoftFido2App.entitlements;
				CODE_SIGN_IDENTITY = "Developer ID Application: GoTrustID Inc. (2P68G9Z44L)";
				CODE_SIGN_INJECT_BASE_ENTITLEMENTS = YES;
				CODE_SIGN_STYLE = Manual;
				COMBINE_HIDPI_IMAGES = YES;
				DEVELOPMENT_TEAM = 2P68G9Z44L;
				ENABLE_HARDENED_RUNTIME = YES;
				INFOPLIST_FILE = SoftFido2App/Info.plist;
				LD_RUNPATH_SEARCH_PATHS = (
					"$(inherited)",
					"@executable_path/../Frameworks",
				);
				MACOSX_DEPLOYMENT_TARGET = 10.15;
				OTHER_CODE_SIGN_FLAGS = "--options=runtime";
				PRODUCT_BUNDLE_IDENTIFIER = com.gotrustid.MiDaemon;
				PRODUCT_NAME = "$(TARGET_NAME)";
				PROVISIONING_PROFILE_SPECIFIER = MiDaemon;
				SDKROOT = macosx;
				SYMROOT = build;
			};
			name = Release;
		};
/* End XCBuildConfiguration section */

/* Begin XCConfigurationList section */
		27038DA624FE4B8D002F7F77 /* Build configuration list for PBXProject "SoftFIDO2" */ = {
			isa = XCConfigurationList;
			buildConfigurations = (
				27038DB824FE4B8D002F7F77 /* Debug */,
				27038DB924FE4B8D002F7F77 /* Release */,
			);
			defaultConfigurationIsVisible = 0;
			defaultConfigurationName = Release;
		};
		27038DBA24FE4B8D002F7F77 /* Build configuration list for PBXNativeTarget "SoftFIDO2" */ = {
			isa = XCConfigurationList;
			buildConfigurations = (
				27038DBB24FE4B8D002F7F77 /* Debug */,
				27038DBC24FE4B8D002F7F77 /* Release */,
			);
			defaultConfigurationIsVisible = 0;
			defaultConfigurationName = Release;
		};
		27CBC2872500907600400E4D /* Build configuration list for PBXNativeTarget "SoftFido2App" */ = {
			isa = XCConfigurationList;
			buildConfigurations = (
				27CBC2882500907600400E4D /* Debug */,
				27CBC2892500907600400E4D /* Release */,
			);
			defaultConfigurationIsVisible = 0;
			defaultConfigurationName = Release;
		};
/* End XCConfigurationList section */
	};
	rootObject = 27038DA324FE4B8D002F7F77 /* Project object */;
}
